// !$*UTF8*$!
{
	archiveVersion = 1;
	classes = {
	};
	objectVersion = 56;
	objects = {

/* Begin PBXBuildFile section */
		C6A6F73629D6882C00EAD168 /* SwiftUIPartsApp.swift in Sources */ = {isa = PBXBuildFile; fileRef = C6A6F73529D6882C00EAD168 /* SwiftUIPartsApp.swift */; };
		C6A6F73829D6882C00EAD168 /* ContentView.swift in Sources */ = {isa = PBXBuildFile; fileRef = C6A6F73729D6882C00EAD168 /* ContentView.swift */; };
		C6A6F73A29D6882C00EAD168 /* Assets.xcassets in Resources */ = {isa = PBXBuildFile; fileRef = C6A6F73929D6882C00EAD168 /* Assets.xcassets */; };
		C6A6F73D29D6882C00EAD168 /* Preview Assets.xcassets in Resources */ = {isa = PBXBuildFile; fileRef = C6A6F73C29D6882C00EAD168 /* Preview Assets.xcassets */; };
		C6A6F74A29D6898500EAD168 /* LoadingCover.swift in Sources */ = {isa = PBXBuildFile; fileRef = C6A6F74329D6898500EAD168 /* LoadingCover.swift */; };
		C6A6F74B29D6898500EAD168 /* ActivityIndicator.swift in Sources */ = {isa = PBXBuildFile; fileRef = C6A6F74429D6898500EAD168 /* ActivityIndicator.swift */; };
		C6A6F74C29D6898500EAD168 /* ResizeableBox.swift in Sources */ = {isa = PBXBuildFile; fileRef = C6A6F74529D6898500EAD168 /* ResizeableBox.swift */; };
		C6A6F74D29D6898500EAD168 /* TextFieldClearButton.swift in Sources */ = {isa = PBXBuildFile; fileRef = C6A6F74629D6898500EAD168 /* TextFieldClearButton.swift */; };
		C6A6F74E29D6898500EAD168 /* CircleButtonLabel.swift in Sources */ = {isa = PBXBuildFile; fileRef = C6A6F74729D6898500EAD168 /* CircleButtonLabel.swift */; };
		C6A6F74F29D6898500EAD168 /* ListEntryTextWithSubtitle.swift in Sources */ = {isa = PBXBuildFile; fileRef = C6A6F74829D6898500EAD168 /* ListEntryTextWithSubtitle.swift */; };
		C6A6F75029D6898500EAD168 /* UsualButtonLabel.swift in Sources */ = {isa = PBXBuildFile; fileRef = C6A6F74929D6898500EAD168 /* UsualButtonLabel.swift */; };
/* End PBXBuildFile section */

/* Begin PBXFileReference section */
		C6A6F73229D6882C00EAD168 /* SwiftUIParts.app */ = {isa = PBXFileReference; explicitFileType = wrapper.application; includeInIndex = 0; path = SwiftUIParts.app; sourceTree = BUILT_PRODUCTS_DIR; };
		C6A6F73529D6882C00EAD168 /* SwiftUIPartsApp.swift */ = {isa = PBXFileReference; lastKnownFileType = sourcecode.swift; path = SwiftUIPartsApp.swift; sourceTree = "<group>"; };
		C6A6F73729D6882C00EAD168 /* ContentView.swift */ = {isa = PBXFileReference; lastKnownFileType = sourcecode.swift; path = ContentView.swift; sourceTree = "<group>"; };
		C6A6F73929D6882C00EAD168 /* Assets.xcassets */ = {isa = PBXFileReference; lastKnownFileType = folder.assetcatalog; path = Assets.xcassets; sourceTree = "<group>"; };
		C6A6F73C29D6882C00EAD168 /* Preview Assets.xcassets */ = {isa = PBXFileReference; lastKnownFileType = folder.assetcatalog; path = "Preview Assets.xcassets"; sourceTree = "<group>"; };
		C6A6F74329D6898500EAD168 /* LoadingCover.swift */ = {isa = PBXFileReference; fileEncoding = 4; lastKnownFileType = sourcecode.swift; path = LoadingCover.swift; sourceTree = "<group>"; };
		C6A6F74429D6898500EAD168 /* ActivityIndicator.swift */ = {isa = PBXFileReference; fileEncoding = 4; lastKnownFileType = sourcecode.swift; path = ActivityIndicator.swift; sourceTree = "<group>"; };
		C6A6F74529D6898500EAD168 /* ResizeableBox.swift */ = {isa = PBXFileReference; fileEncoding = 4; lastKnownFileType = sourcecode.swift; path = ResizeableBox.swift; sourceTree = "<group>"; };
		C6A6F74629D6898500EAD168 /* TextFieldClearButton.swift */ = {isa = PBXFileReference; fileEncoding = 4; lastKnownFileType = sourcecode.swift; path = TextFieldClearButton.swift; sourceTree = "<group>"; };
		C6A6F74729D6898500EAD168 /* CircleButtonLabel.swift */ = {isa = PBXFileReference; fileEncoding = 4; lastKnownFileType = sourcecode.swift; path = CircleButtonLabel.swift; sourceTree = "<group>"; };
		C6A6F74829D6898500EAD168 /* ListEntryTextWithSubtitle.swift */ = {isa = PBXFileReference; fileEncoding = 4; lastKnownFileType = sourcecode.swift; path = ListEntryTextWithSubtitle.swift; sourceTree = "<group>"; };
		C6A6F74929D6898500EAD168 /* UsualButtonLabel.swift */ = {isa = PBXFileReference; fileEncoding = 4; lastKnownFileType = sourcecode.swift; path = UsualButtonLabel.swift; sourceTree = "<group>"; };
/* End PBXFileReference section */

/* Begin PBXFrameworksBuildPhase section */
		C6A6F72F29D6882C00EAD168 /* Frameworks */ = {
			isa = PBXFrameworksBuildPhase;
			buildActionMask = 2147483647;
			files = (
			);
			runOnlyForDeploymentPostprocessing = 0;
		};
/* End PBXFrameworksBuildPhase section */

/* Begin PBXGroup section */
		C6A6F72929D6882B00EAD168 = {
			isa = PBXGroup;
			children = (
				C6A6F73429D6882C00EAD168 /* SwiftUIParts */,
				C6A6F73329D6882C00EAD168 /* Products */,
			);
			sourceTree = "<group>";
		};
		C6A6F73329D6882C00EAD168 /* Products */ = {
			isa = PBXGroup;
			children = (
				C6A6F73229D6882C00EAD168 /* SwiftUIParts.app */,
			);
			name = Products;
			sourceTree = "<group>";
		};
		C6A6F73429D6882C00EAD168 /* SwiftUIParts */ = {
			isa = PBXGroup;
			children = (
				C6A6F74429D6898500EAD168 /* ActivityIndicator.swift */,
				C6A6F74729D6898500EAD168 /* CircleButtonLabel.swift */,
				C6A6F74829D6898500EAD168 /* ListEntryTextWithSubtitle.swift */,
				C6A6F74329D6898500EAD168 /* LoadingCover.swift */,
				C6A6F74529D6898500EAD168 /* ResizeableBox.swift */,
				C6A6F74629D6898500EAD168 /* TextFieldClearButton.swift */,
				C6A6F74929D6898500EAD168 /* UsualButtonLabel.swift */,
				C6A6F73529D6882C00EAD168 /* SwiftUIPartsApp.swift */,
				C6A6F73729D6882C00EAD168 /* ContentView.swift */,
				C6A6F73929D6882C00EAD168 /* Assets.xcassets */,
				C6A6F73B29D6882C00EAD168 /* Preview Content */,
			);
			path = SwiftUIParts;
			sourceTree = "<group>";
		};
		C6A6F73B29D6882C00EAD168 /* Preview Content */ = {
			isa = PBXGroup;
			children = (
				C6A6F73C29D6882C00EAD168 /* Preview Assets.xcassets */,
			);
			path = "Preview Content";
			sourceTree = "<group>";
		};
/* End PBXGroup section */

/* Begin PBXNativeTarget section */
		C6A6F73129D6882C00EAD168 /* SwiftUIParts */ = {
			isa = PBXNativeTarget;
			buildConfigurationList = C6A6F74029D6882C00EAD168 /* Build configuration list for PBXNativeTarget "SwiftUIParts" */;
			buildPhases = (
				C6A6F72E29D6882C00EAD168 /* Sources */,
				C6A6F72F29D6882C00EAD168 /* Frameworks */,
				C6A6F73029D6882C00EAD168 /* Resources */,
			);
			buildRules = (
			);
			dependencies = (
			);
			name = SwiftUIParts;
			productName = SwiftUIParts;
			productReference = C6A6F73229D6882C00EAD168 /* SwiftUIParts.app */;
			productType = "com.apple.product-type.application";
		};
/* End PBXNativeTarget section */

/* Begin PBXProject section */
		C6A6F72A29D6882B00EAD168 /* Project object */ = {
			isa = PBXProject;
			attributes = {
				BuildIndependentTargetsInParallel = 1;
				LastSwiftUpdateCheck = 1420;
				LastUpgradeCheck = 1420;
				TargetAttributes = {
					C6A6F73129D6882C00EAD168 = {
						CreatedOnToolsVersion = 14.2;
					};
				};
			};
			buildConfigurationList = C6A6F72D29D6882B00EAD168 /* Build configuration list for PBXProject "SwiftUIParts" */;
			compatibilityVersion = "Xcode 14.0";
			developmentRegion = en;
			hasScannedForEncodings = 0;
			knownRegions = (
				en,
				Base,
			);
			mainGroup = C6A6F72929D6882B00EAD168;
			productRefGroup = C6A6F73329D6882C00EAD168 /* Products */;
			projectDirPath = "";
			projectRoot = "";
			targets = (
				C6A6F73129D6882C00EAD168 /* SwiftUIParts */,
			);
		};
/* End PBXProject section */

/* Begin PBXResourcesBuildPhase section */
		C6A6F73029D6882C00EAD168 /* Resources */ = {
			isa = PBXResourcesBuildPhase;
			buildActionMask = 2147483647;
			files = (
				C6A6F73D29D6882C00EAD168 /* Preview Assets.xcassets in Resources */,
				C6A6F73A29D6882C00EAD168 /* Assets.xcassets in Resources */,
			);
			runOnlyForDeploymentPostprocessing = 0;
		};
/* End PBXResourcesBuildPhase section */

/* Begin PBXSourcesBuildPhase section */
		C6A6F72E29D6882C00EAD168 /* Sources */ = {
			isa = PBXSourcesBuildPhase;
			buildActionMask = 2147483647;
			files = (
				C6A6F74B29D6898500EAD168 /* ActivityIndicator.swift in Sources */,
				C6A6F74D29D6898500EAD168 /* TextFieldClearButton.swift in Sources */,
				C6A6F73829D6882C00EAD168 /* ContentView.swift in Sources */,
				C6A6F75029D6898500EAD168 /* UsualButtonLabel.swift in Sources */,
				C6A6F73629D6882C00EAD168 /* SwiftUIPartsApp.swift in Sources */,
				C6A6F74A29D6898500EAD168 /* LoadingCover.swift in Sources */,
				C6A6F74F29D6898500EAD168 /* ListEntryTextWithSubtitle.swift in Sources */,
				C6A6F74E29D6898500EAD168 /* CircleButtonLabel.swift in Sources */,
				C6A6F74C29D6898500EAD168 /* ResizeableBox.swift in Sources */,
			);
			runOnlyForDeploymentPostprocessing = 0;
		};
/* End PBXSourcesBuildPhase section */

/* Begin XCBuildConfiguration section */
		C6A6F73E29D6882C00EAD168 /* Debug */ = {
			isa = XCBuildConfiguration;
			buildSettings = {
				ALWAYS_SEARCH_USER_PATHS = NO;
				CLANG_ANALYZER_NONNULL = YES;
				CLANG_ANALYZER_NUMBER_OBJECT_CONVERSION = YES_AGGRESSIVE;
				CLANG_CXX_LANGUAGE_STANDARD = "gnu++20";
				CLANG_ENABLE_MODULES = YES;
				CLANG_ENABLE_OBJC_ARC = YES;
				CLANG_ENABLE_OBJC_WEAK = YES;
				CLANG_WARN_BLOCK_CAPTURE_AUTORELEASING = YES;
				CLANG_WARN_BOOL_CONVERSION = YES;
				CLANG_WARN_COMMA = YES;
				CLANG_WARN_CONSTANT_CONVERSION = YES;
				CLANG_WARN_DEPRECATED_OBJC_IMPLEMENTATIONS = YES;
				CLANG_WARN_DIRECT_OBJC_ISA_USAGE = YES_ERROR;
				CLANG_WARN_DOCUMENTATION_COMMENTS = YES;
				CLANG_WARN_EMPTY_BODY = YES;
				CLANG_WARN_ENUM_CONVERSION = YES;
				CLANG_WARN_INFINITE_RECURSION = YES;
				CLANG_WARN_INT_CONVERSION = YES;
				CLANG_WARN_NON_LITERAL_NULL_CONVERSION = YES;
				CLANG_WARN_OBJC_IMPLICIT_RETAIN_SELF = YES;
				CLANG_WARN_OBJC_LITERAL_CONVERSION = YES;
				CLANG_WARN_OBJC_ROOT_CLASS = YES_ERROR;
				CLANG_WARN_QUOTED_INCLUDE_IN_FRAMEWORK_HEADER = YES;
				CLANG_WARN_RANGE_LOOP_ANALYSIS = YES;
				CLANG_WARN_STRICT_PROTOTYPES = YES;
				CLANG_WARN_SUSPICIOUS_MOVE = YES;
				CLANG_WARN_UNGUARDED_AVAILABILITY = YES_AGGRESSIVE;
				CLANG_WARN_UNREACHABLE_CODE = YES;
				CLANG_WARN__DUPLICATE_METHOD_MATCH = YES;
				COPY_PHASE_STRIP = NO;
				DEBUG_INFORMATION_FORMAT = dwarf;
				ENABLE_STRICT_OBJC_MSGSEND = YES;
				ENABLE_TESTABILITY = YES;
				GCC_C_LANGUAGE_STANDARD = gnu11;
				GCC_DYNAMIC_NO_PIC = NO;
				GCC_NO_COMMON_BLOCKS = YES;
				GCC_OPTIMIZATION_LEVEL = 0;
				GCC_PREPROCESSOR_DEFINITIONS = (
					"DEBUG=1",
					"$(inherited)",
				);
				GCC_WARN_64_TO_32_BIT_CONVERSION = YES;
				GCC_WARN_ABOUT_RETURN_TYPE = YES_ERROR;
				GCC_WARN_UNDECLARED_SELECTOR = YES;
				GCC_WARN_UNINITIALIZED_AUTOS = YES_AGGRESSIVE;
				GCC_WARN_UNUSED_FUNCTION = YES;
				GCC_WARN_UNUSED_VARIABLE = YES;
				IPHONEOS_DEPLOYMENT_TARGET = 16.2;
				MTL_ENABLE_DEBUG_INFO = INCLUDE_SOURCE;
				MTL_FAST_MATH = YES;
				ONLY_ACTIVE_ARCH = YES;
				SDKROOT = iphoneos;
				SWIFT_ACTIVE_COMPILATION_CONDITIONS = DEBUG;
				SWIFT_OPTIMIZATION_LEVEL = "-Onone";
			};
			name = Debug;
		};
		C6A6F73F29D6882C00EAD168 /* Release */ = {
			isa = XCBuildConfiguration;
			buildSettings = {
				ALWAYS_SEARCH_USER_PATHS = NO;
				CLANG_ANALYZER_NONNULL = YES;
				CLANG_ANALYZER_NUMBER_OBJECT_CONVERSION = YES_AGGRESSIVE;
				CLANG_CXX_LANGUAGE_STANDARD = "gnu++20";
				CLANG_ENABLE_MODULES = YES;
				CLANG_ENABLE_OBJC_ARC = YES;
				CLANG_ENABLE_OBJC_WEAK = YES;
				CLANG_WARN_BLOCK_CAPTURE_AUTORELEASING = YES;
				CLANG_WARN_BOOL_CONVERSION = YES;
				CLANG_WARN_COMMA = YES;
				CLANG_WARN_CONSTANT_CONVERSION = YES;
				CLANG_WARN_DEPRECATED_OBJC_IMPLEMENTATIONS = YES;
				CLANG_WARN_DIRECT_OBJC_ISA_USAGE = YES_ERROR;
				CLANG_WARN_DOCUMENTATION_COMMENTS = YES;
				CLANG_WARN_EMPTY_BODY = YES;
				CLANG_WARN_ENUM_CONVERSION = YES;
				CLANG_WARN_INFINITE_RECURSION = YES;
				CLANG_WARN_INT_CONVERSION = YES;
				CLANG_WARN_NON_LITERAL_NULL_CONVERSION = YES;
				CLANG_WARN_OBJC_IMPLICIT_RETAIN_SELF = YES;
				CLANG_WARN_OBJC_LITERAL_CONVERSION = YES;
				CLANG_WARN_OBJC_ROOT_CLASS = YES_ERROR;
				CLANG_WARN_QUOTED_INCLUDE_IN_FRAMEWORK_HEADER = YES;
				CLANG_WARN_RANGE_LOOP_ANALYSIS = YES;
				CLANG_WARN_STRICT_PROTOTYPES = YES;
				CLANG_WARN_SUSPICIOUS_MOVE = YES;
				CLANG_WARN_UNGUARDED_AVAILABILITY = YES_AGGRESSIVE;
				CLANG_WARN_UNREACHABLE_CODE = YES;
				CLANG_WARN__DUPLICATE_METHOD_MATCH = YES;
				COPY_PHASE_STRIP = NO;
				DEBUG_INFORMATION_FORMAT = "dwarf-with-dsym";
				ENABLE_NS_ASSERTIONS = NO;
				ENABLE_STRICT_OBJC_MSGSEND = YES;
				GCC_C_LANGUAGE_STANDARD = gnu11;
				GCC_NO_COMMON_BLOCKS = YES;
				GCC_WARN_64_TO_32_BIT_CONVERSION = YES;
				GCC_WARN_ABOUT_RETURN_TYPE = YES_ERROR;
				GCC_WARN_UNDECLARED_SELECTOR = YES;
				GCC_WARN_UNINITIALIZED_AUTOS = YES_AGGRESSIVE;
				GCC_WARN_UNUSED_FUNCTION = YES;
				GCC_WARN_UNUSED_VARIABLE = YES;
				IPHONEOS_DEPLOYMENT_TARGET = 16.2;
				MTL_ENABLE_DEBUG_INFO = NO;
				MTL_FAST_MATH = YES;
				SDKROOT = iphoneos;
				SWIFT_COMPILATION_MODE = wholemodule;
				SWIFT_OPTIMIZATION_LEVEL = "-O";
				VALIDATE_PRODUCT = YES;
			};
			name = Release;
		};
		C6A6F74129D6882C00EAD168 /* Debug */ = {
			isa = XCBuildConfiguration;
			buildSettings = {
				ASSETCATALOG_COMPILER_APPICON_NAME = AppIcon;
				ASSETCATALOG_COMPILER_GLOBAL_ACCENT_COLOR_NAME = AccentColor;
				CODE_SIGN_STYLE = Automatic;
				CURRENT_PROJECT_VERSION = 1;
				DEVELOPMENT_ASSET_PATHS = "\"SwiftUIParts/Preview Content\"";
				DEVELOPMENT_TEAM = DNHASTJNXY;
				ENABLE_PREVIEWS = YES;
				GENERATE_INFOPLIST_FILE = YES;
				INFOPLIST_KEY_UIApplicationSceneManifest_Generation = YES;
				INFOPLIST_KEY_UIApplicationSupportsIndirectInputEvents = YES;
				INFOPLIST_KEY_UILaunchScreen_Generation = YES;
				INFOPLIST_KEY_UISupportedInterfaceOrientations_iPad = "UIInterfaceOrientationPortrait UIInterfaceOrientationPortraitUpsideDown UIInterfaceOrientationLandscapeLeft UIInterfaceOrientationLandscapeRight";
				INFOPLIST_KEY_UISupportedInterfaceOrientations_iPhone = "UIInterfaceOrientationPortrait UIInterfaceOrientationLandscapeLeft UIInterfaceOrientationLandscapeRight";
				LD_RUNPATH_SEARCH_PATHS = (
					"$(inherited)",
					"@executable_path/Frameworks",
				);
				MARKETING_VERSION = 1.0;
				PRODUCT_BUNDLE_IDENTIFIER = is.tagomor.swiftui.parts.SwiftUIParts;
				PRODUCT_NAME = "$(TARGET_NAME)";
				SWIFT_EMIT_LOC_STRINGS = YES;
				SWIFT_VERSION = 5.0;
				TARGETED_DEVICE_FAMILY = "1,2";
			};
			name = Debug;
		};
		C6A6F74229D6882C00EAD168 /* Release */ = {
			isa = XCBuildConfiguration;
			buildSettings = {
				ASSETCATALOG_COMPILER_APPICON_NAME = AppIcon;
				ASSETCATALOG_COMPILER_GLOBAL_ACCENT_COLOR_NAME = AccentColor;
				CODE_SIGN_STYLE = Automatic;
				CURRENT_PROJECT_VERSION = 1;
				DEVELOPMENT_ASSET_PATHS = "\"SwiftUIParts/Preview Content\"";
				DEVELOPMENT_TEAM = DNHASTJNXY;
				ENABLE_PREVIEWS = YES;
				GENERATE_INFOPLIST_FILE = YES;
				INFOPLIST_KEY_UIApplicationSceneManifest_Generation = YES;
				INFOPLIST_KEY_UIApplicationSupportsIndirectInputEvents = YES;
				INFOPLIST_KEY_UILaunchScreen_Generation = YES;
				INFOPLIST_KEY_UISupportedInterfaceOrientations_iPad = "UIInterfaceOrientationPortrait UIInterfaceOrientationPortraitUpsideDown UIInterfaceOrientationLandscapeLeft UIInterfaceOrientationLandscapeRight";
				INFOPLIST_KEY_UISupportedInterfaceOrientations_iPhone = "UIInterfaceOrientationPortrait UIInterfaceOrientationLandscapeLeft UIInterfaceOrientationLandscapeRight";
				LD_RUNPATH_SEARCH_PATHS = (
					"$(inherited)",
					"@executable_path/Frameworks",
				);
				MARKETING_VERSION = 1.0;
				PRODUCT_BUNDLE_IDENTIFIER = is.tagomor.swiftui.parts.SwiftUIParts;
				PRODUCT_NAME = "$(TARGET_NAME)";
				SWIFT_EMIT_LOC_STRINGS = YES;
				SWIFT_VERSION = 5.0;
				TARGETED_DEVICE_FAMILY = "1,2";
			};
			name = Release;
		};
/* End XCBuildConfiguration section */

/* Begin XCConfigurationList section */
		C6A6F72D29D6882B00EAD168 /* Build configuration list for PBXProject "SwiftUIParts" */ = {
			isa = XCConfigurationList;
			buildConfigurations = (
				C6A6F73E29D6882C00EAD168 /* Debug */,
				C6A6F73F29D6882C00EAD168 /* Release */,
			);
			defaultConfigurationIsVisible = 0;
			defaultConfigurationName = Release;
		};
		C6A6F74029D6882C00EAD168 /* Build configuration list for PBXNativeTarget "SwiftUIParts" */ = {
			isa = XCConfigurationList;
			buildConfigurations = (
				C6A6F74129D6882C00EAD168 /* Debug */,
				C6A6F74229D6882C00EAD168 /* Release */,
			);
			defaultConfigurationIsVisible = 0;
			defaultConfigurationName = Release;
		};
/* End XCConfigurationList section */
	};
	rootObject = C6A6F72A29D6882B00EAD168 /* Project object */;
}
